
Microsoft Visual Studio Solution File, Format Version 12.00
# Visual Studio Version 17
VisualStudioVersion = 17.14.36212.18
MinimumVisualStudioVersion = 10.0.40219.1
Project("{FAE04EC0-301F-11D3-BF4B-00C04F79EFBC}") = "dapr-webapi", "src\dapr-webapi\dapr-webapi.csproj", "{15852D30-CDC5-9A38-F146-C2CF6C14C5AB}"
EndProject
Project("{2150E333-8FDC-42A3-9474-1A3956D46DE8}") = "01-service.invocation", "01-service.invocation", "{02EA681E-C7D8-13C7-8484-4AC65E1B71E8}"
EndProject
Project("{FAE04EC0-301F-11D3-BF4B-00C04F79EFBC}") = "dapr.microservice.webapi", "src\dapr.microservice.webapi\dapr.microservice.webapi.csproj", "{42D516AE-4679-14C3-F22E-657987BCBD25}"
EndProject
Project("{2150E333-8FDC-42A3-9474-1A3956D46DE8}") = "02-stateful.service", "02-stateful.service", "{7ABF5843-120D-4B5E-8455-C9AB725F0B37}"
	ProjectSection(SolutionItems) = preProject
		src\stateful.service\cleandaprd.ps1 = src\stateful.service\cleandaprd.ps1
		src\stateful.service\cosmosdb.sql = src\stateful.service\cosmosdb.sql
		src\stateful.service\launch.ps1 = src\stateful.service\launch.ps1
		src\stateful.service\components\order-cosmos.yaml = src\stateful.service\components\order-cosmos.yaml
		src\stateful.service\order.test.http = src\stateful.service\order.test.http
		src\stateful.service\components\reservation-cosmos.yaml = src\stateful.service\components\reservation-cosmos.yaml
		src\stateful.service\tye.yaml = src\stateful.service\tye.yaml
	EndProjectSection
EndProject
Project("{FAE04EC0-301F-11D3-BF4B-00C04F79EFBC}") = "sample.microservice.dto.reservation", "src\stateful.service\sample.microservice.dto.reservation\sample.microservice.dto.reservation.csproj", "{64BEF3F4-1CE2-5EF0-55EE-3214FD7339F4}"
EndProject
Project("{FAE04EC0-301F-11D3-BF4B-00C04F79EFBC}") = "sample.microservice.order", "src\stateful.service\sample.microservice.order\sample.microservice.order.csproj", "{A55F14CD-021C-2C44-4841-487411966DAB}"
EndProject
Project("{FAE04EC0-301F-11D3-BF4B-00C04F79EFBC}") = "sample.microservice.reservation", "src\stateful.service\sample.microservice.reservation\sample.microservice.reservation.csproj", "{F2E1A9F5-402F-C0B9-747C-A0E16707859B}"
EndProject
Project("{FAE04EC0-301F-11D3-BF4B-00C04F79EFBC}") = "sample.microservice.dto.order", "src\stateful.service\sample.microservice.dto.order\sample.microservice.dto.order.csproj", "{22D1F44A-8CE4-FB9B-E7FA-4D03710B74FF}"
EndProject
Project("{2150E333-8FDC-42A3-9474-1A3956D46DE8}") = "components", "components", "{F92022E3-B51B-47F4-BDB4-D11189B369D2}"
	ProjectSection(SolutionItems) = preProject
		src\stateful.service\components\order-cosmos.yaml = src\stateful.service\components\order-cosmos.yaml
		src\stateful.service\components\reservation-cosmos.yaml = src\stateful.service\components\reservation-cosmos.yaml
	EndProjectSection
EndProject
Project("{2150E333-8FDC-42A3-9474-1A3956D46DE8}") = "Solution Items", "Solution Items", "{760966F3-C1DB-48B0-8BAA-D07D26EBFA80}"
	ProjectSection(SolutionItems) = preProject
		.gitignore = .gitignore
	EndProjectSection
EndProject
Global
	GlobalSection(SolutionConfigurationPlatforms) = preSolution
		Debug|Any CPU = Debug|Any CPU
		Release|Any CPU = Release|Any CPU
	EndGlobalSection
	GlobalSection(ProjectConfigurationPlatforms) = postSolution
		{15852D30-CDC5-9A38-F146-C2CF6C14C5AB}.Debug|Any CPU.ActiveCfg = Debug|Any CPU
		{15852D30-CDC5-9A38-F146-C2CF6C14C5AB}.Debug|Any CPU.Build.0 = Debug|Any CPU
		{15852D30-CDC5-9A38-F146-C2CF6C14C5AB}.Release|Any CPU.ActiveCfg = Release|Any CPU
		{15852D30-CDC5-9A38-F146-C2CF6C14C5AB}.Release|Any CPU.Build.0 = Release|Any CPU
		{42D516AE-4679-14C3-F22E-657987BCBD25}.Debug|Any CPU.ActiveCfg = Debug|Any CPU
		{42D516AE-4679-14C3-F22E-657987BCBD25}.Debug|Any CPU.Build.0 = Debug|Any CPU
		{42D516AE-4679-14C3-F22E-657987BCBD25}.Release|Any CPU.ActiveCfg = Release|Any CPU
		{42D516AE-4679-14C3-F22E-657987BCBD25}.Release|Any CPU.Build.0 = Release|Any CPU
		{64BEF3F4-1CE2-5EF0-55EE-3214FD7339F4}.Debug|Any CPU.ActiveCfg = Debug|Any CPU
		{64BEF3F4-1CE2-5EF0-55EE-3214FD7339F4}.Debug|Any CPU.Build.0 = Debug|Any CPU
		{64BEF3F4-1CE2-5EF0-55EE-3214FD7339F4}.Release|Any CPU.ActiveCfg = Release|Any CPU
		{64BEF3F4-1CE2-5EF0-55EE-3214FD7339F4}.Release|Any CPU.Build.0 = Release|Any CPU
		{A55F14CD-021C-2C44-4841-487411966DAB}.Debug|Any CPU.ActiveCfg = Debug|Any CPU
		{A55F14CD-021C-2C44-4841-487411966DAB}.Debug|Any CPU.Build.0 = Debug|Any CPU
		{A55F14CD-021C-2C44-4841-487411966DAB}.Release|Any CPU.ActiveCfg = Release|Any CPU
		{A55F14CD-021C-2C44-4841-487411966DAB}.Release|Any CPU.Build.0 = Release|Any CPU
		{F2E1A9F5-402F-C0B9-747C-A0E16707859B}.Debug|Any CPU.ActiveCfg = Debug|Any CPU
		{F2E1A9F5-402F-C0B9-747C-A0E16707859B}.Debug|Any CPU.Build.0 = Debug|Any CPU
		{F2E1A9F5-402F-C0B9-747C-A0E16707859B}.Release|Any CPU.ActiveCfg = Release|Any CPU
		{F2E1A9F5-402F-C0B9-747C-A0E16707859B}.Release|Any CPU.Build.0 = Release|Any CPU
		{22D1F44A-8CE4-FB9B-E7FA-4D03710B74FF}.Debug|Any CPU.ActiveCfg = Debug|Any CPU
		{22D1F44A-8CE4-FB9B-E7FA-4D03710B74FF}.Debug|Any CPU.Build.0 = Debug|Any CPU
		{22D1F44A-8CE4-FB9B-E7FA-4D03710B74FF}.Release|Any CPU.ActiveCfg = Release|Any CPU
		{22D1F44A-8CE4-FB9B-E7FA-4D03710B74FF}.Release|Any CPU.Build.0 = Release|Any CPU
	EndGlobalSection
	GlobalSection(SolutionProperties) = preSolution
		HideSolutionNode = FALSE
	EndGlobalSection
	GlobalSection(NestedProjects) = preSolution
		{15852D30-CDC5-9A38-F146-C2CF6C14C5AB} = {02EA681E-C7D8-13C7-8484-4AC65E1B71E8}
		{42D516AE-4679-14C3-F22E-657987BCBD25} = {02EA681E-C7D8-13C7-8484-4AC65E1B71E8}
		{64BEF3F4-1CE2-5EF0-55EE-3214FD7339F4} = {7ABF5843-120D-4B5E-8455-C9AB725F0B37}
		{A55F14CD-021C-2C44-4841-487411966DAB} = {7ABF5843-120D-4B5E-8455-C9AB725F0B37}
		{F2E1A9F5-402F-C0B9-747C-A0E16707859B} = {7ABF5843-120D-4B5E-8455-C9AB725F0B37}
		{22D1F44A-8CE4-FB9B-E7FA-4D03710B74FF} = {7ABF5843-120D-4B5E-8455-C9AB725F0B37}
		{F92022E3-B51B-47F4-BDB4-D11189B369D2} = {7ABF5843-120D-4B5E-8455-C9AB725F0B37}
	EndGlobalSection
	GlobalSection(ExtensibilityGlobals) = postSolution
		SolutionGuid = {65AEC7C9-4F7C-4CFF-B61E-7B84851C02D9}
	EndGlobalSection
EndGlobal
